# This file is automatically @generated by Cargo.
# It is not intended for manual editing.
version = 4

[[package]]
name = "akashshell-cli"
version = "0.1.0"
dependencies = [
 "akashshell-core",
 "akashshell-parser",
 "akashshell-pty",
 "akashshell-tui",
]

[[package]]
name = "akashshell-core"
version = "0.1.0"
dependencies = [
 "akashshell-parser",
 "akashshell-pty",
]

[[package]]
name = "akashshell-parser"
version = "0.1.0"

[[package]]
name = "akashshell-pty"
version = "0.1.0"

[[package]]
name = "akashshell-tui"
version = "0.1.0"
